
Microsoft Visual Studio Solution File, Format Version 12.00
# Visual Studio 14
VisualStudioVersion = 14.0.25420.1
MinimumVisualStudioVersion = 10.0.40219.1
Project("{FAE04EC0-301F-11D3-BF4B-00C04F79EFBC}") = "Day01", "Day01\Day01.csproj", "{6E560C3F-1E9B-4BEB-9918-AB493F9F08CB}"
EndProject
Project("{FAE04EC0-301F-11D3-BF4B-00C04F79EFBC}") = "Day02", "Day02\Day02.csproj", "{EEC22716-EE51-42BE-BF40-93496CF927C7}"
EndProject
Project("{FAE04EC0-301F-11D3-BF4B-00C04F79EFBC}") = "Day03", "Day03\Day03.csproj", "{F5EC2EF5-E4B8-4BEB-94CF-526DB52FA02A}"
EndProject
Project("{FAE04EC0-301F-11D3-BF4B-00C04F79EFBC}") = "Common", "Common\Common.csproj", "{39AA9546-9488-42EF-AC9E-924D9119B9E7}"
EndProject
Project("{FAE04EC0-301F-11D3-BF4B-00C04F79EFBC}") = "Day04", "Day04\Day04.csproj", "{B912E3DA-A7B8-46CA-8A5E-20F1B1B092FA}"
EndProject
Project("{FAE04EC0-301F-11D3-BF4B-00C04F79EFBC}") = "Day05", "Day05\Day05.csproj", "{D6D7F8FD-6FA2-484D-84BC-FB0E89D79595}"
EndProject
Project("{FAE04EC0-301F-11D3-BF4B-00C04F79EFBC}") = "Day06", "Day06\Day06.csproj", "{F98B20F1-6BE4-4D27-9C9A-A649141320FE}"
EndProject
Global
	GlobalSection(SolutionConfigurationPlatforms) = preSolution
		Debug|Any CPU = Debug|Any CPU
		Release|Any CPU = Release|Any CPU
	EndGlobalSection
	GlobalSection(ProjectConfigurationPlatforms) = postSolution
		{6E560C3F-1E9B-4BEB-9918-AB493F9F08CB}.Debug|Any CPU.ActiveCfg = Debug|Any CPU
		{6E560C3F-1E9B-4BEB-9918-AB493F9F08CB}.Debug|Any CPU.Build.0 = Debug|Any CPU
		{6E560C3F-1E9B-4BEB-9918-AB493F9F08CB}.Release|Any CPU.ActiveCfg = Release|Any CPU
		{6E560C3F-1E9B-4BEB-9918-AB493F9F08CB}.Release|Any CPU.Build.0 = Release|Any CPU
		{EEC22716-EE51-42BE-BF40-93496CF927C7}.Debug|Any CPU.ActiveCfg = Debug|Any CPU
		{EEC22716-EE51-42BE-BF40-93496CF927C7}.Debug|Any CPU.Build.0 = Debug|Any CPU
		{EEC22716-EE51-42BE-BF40-93496CF927C7}.Release|Any CPU.ActiveCfg = Release|Any CPU
		{EEC22716-EE51-42BE-BF40-93496CF927C7}.Release|Any CPU.Build.0 = Release|Any CPU
		{F5EC2EF5-E4B8-4BEB-94CF-526DB52FA02A}.Debug|Any CPU.ActiveCfg = Debug|Any CPU
		{F5EC2EF5-E4B8-4BEB-94CF-526DB52FA02A}.Debug|Any CPU.Build.0 = Debug|Any CPU
		{F5EC2EF5-E4B8-4BEB-94CF-526DB52FA02A}.Release|Any CPU.ActiveCfg = Release|Any CPU
		{F5EC2EF5-E4B8-4BEB-94CF-526DB52FA02A}.Release|Any CPU.Build.0 = Release|Any CPU
		{39AA9546-9488-42EF-AC9E-924D9119B9E7}.Debug|Any CPU.ActiveCfg = Debug|Any CPU
		{39AA9546-9488-42EF-AC9E-924D9119B9E7}.Debug|Any CPU.Build.0 = Debug|Any CPU
		{39AA9546-9488-42EF-AC9E-924D9119B9E7}.Release|Any CPU.ActiveCfg = Release|Any CPU
		{39AA9546-9488-42EF-AC9E-924D9119B9E7}.Release|Any CPU.Build.0 = Release|Any CPU
		{B912E3DA-A7B8-46CA-8A5E-20F1B1B092FA}.Debug|Any CPU.ActiveCfg = Debug|Any CPU
		{B912E3DA-A7B8-46CA-8A5E-20F1B1B092FA}.Debug|Any CPU.Build.0 = Debug|Any CPU
		{B912E3DA-A7B8-46CA-8A5E-20F1B1B092FA}.Release|Any CPU.ActiveCfg = Release|Any CPU
		{B912E3DA-A7B8-46CA-8A5E-20F1B1B092FA}.Release|Any CPU.Build.0 = Release|Any CPU
		{D6D7F8FD-6FA2-484D-84BC-FB0E89D79595}.Debug|Any CPU.ActiveCfg = Debug|Any CPU
		{D6D7F8FD-6FA2-484D-84BC-FB0E89D79595}.Debug|Any CPU.Build.0 = Debug|Any CPU
		{D6D7F8FD-6FA2-484D-84BC-FB0E89D79595}.Release|Any CPU.ActiveCfg = Release|Any CPU
		{D6D7F8FD-6FA2-484D-84BC-FB0E89D79595}.Release|Any CPU.Build.0 = Release|Any CPU
		{F98B20F1-6BE4-4D27-9C9A-A649141320FE}.Debug|Any CPU.ActiveCfg = Debug|Any CPU
		{F98B20F1-6BE4-4D27-9C9A-A649141320FE}.Debug|Any CPU.Build.0 = Debug|Any CPU
		{F98B20F1-6BE4-4D27-9C9A-A649141320FE}.Release|Any CPU.ActiveCfg = Release|Any CPU
		{F98B20F1-6BE4-4D27-9C9A-A649141320FE}.Release|Any CPU.Build.0 = Release|Any CPU
	EndGlobalSection
	GlobalSection(SolutionProperties) = preSolution
		HideSolutionNode = FALSE
	EndGlobalSection
EndGlobal
